
Microsoft Visual Studio Solution File, Format Version 12.00
# Visual Studio 15
VisualStudioVersion = 15.0.26124.0
MinimumVisualStudioVersion = 15.0.26124.0
Project("{2150E333-8FDC-42A3-9474-1A3956D46DE8}") = "src", "src", "{343B5FE2-DFF3-4CA7-A482-069B66BEEF34}"
EndProject
Project("{FAE04EC0-301F-11D3-BF4B-00C04F79EFBC}") = "MicroServices.Api", "src\MicroServices.Api\MicroServices.Api.csproj", "{FBBE3092-8380-48D9-99F5-88EF8D9A03BC}"
EndProject
Project("{FAE04EC0-301F-11D3-BF4B-00C04F79EFBC}") = "MicroServices.Common", "src\MicroServices.Common\MicroServices.Common.csproj", "{B6859508-DCF1-4427-9353-EAD492B9C1B2}"
EndProject
Project("{FAE04EC0-301F-11D3-BF4B-00C04F79EFBC}") = "MicroServices.Services.Activities", "src\MicroServices.Services.Activities\MicroServices.Services.Activities.csproj", "{D29402A4-0F6F-4F36-8AC7-4C7EFF19B9E7}"
EndProject
Project("{FAE04EC0-301F-11D3-BF4B-00C04F79EFBC}") = "MicroServices.Services.Identity", "src\MicroServices.Services.Identity\MicroServices.Services.Identity.csproj", "{E14B6D62-8BD8-417D-A184-151F40173E05}"
EndProject
Project("{2150E333-8FDC-42A3-9474-1A3956D46DE8}") = "tests", "tests", "{8AE16ABD-1751-4E16-918E-5DE72455E963}"
EndProject
Project("{FAE04EC0-301F-11D3-BF4B-00C04F79EFBC}") = "MicroServices.Api.Tests", "tests\MicroServices.Api.Tests\MicroServices.Api.Tests.csproj", "{D994D78B-20EF-4A5D-8204-7F6695D201C0}"
EndProject
Project("{FAE04EC0-301F-11D3-BF4B-00C04F79EFBC}") = "MicroServices.Services.Activities.Tests", "tests\MicroServices.Services.Activities.Tests\MicroServices.Services.Activities.Tests.csproj", "{3A8F852E-345B-4237-B9BE-A69C5E080394}"
EndProject
Project("{FAE04EC0-301F-11D3-BF4B-00C04F79EFBC}") = "MicroServices.Services.Identity.Tests", "tests\MicroServices.Services.Identity.Tests\MicroServices.Services.Identity.Tests.csproj", "{2B12BF9E-8D47-493D-99F3-2EDD835279B9}"
EndProject
Global
	GlobalSection(SolutionConfigurationPlatforms) = preSolution
		Debug|Any CPU = Debug|Any CPU
		Debug|x64 = Debug|x64
		Debug|x86 = Debug|x86
		Release|Any CPU = Release|Any CPU
		Release|x64 = Release|x64
		Release|x86 = Release|x86
	EndGlobalSection
	GlobalSection(SolutionProperties) = preSolution
		HideSolutionNode = FALSE
	EndGlobalSection
	GlobalSection(ProjectConfigurationPlatforms) = postSolution
		{FBBE3092-8380-48D9-99F5-88EF8D9A03BC}.Debug|Any CPU.ActiveCfg = Debug|Any CPU
		{FBBE3092-8380-48D9-99F5-88EF8D9A03BC}.Debug|Any CPU.Build.0 = Debug|Any CPU
		{FBBE3092-8380-48D9-99F5-88EF8D9A03BC}.Debug|x64.ActiveCfg = Debug|Any CPU
		{FBBE3092-8380-48D9-99F5-88EF8D9A03BC}.Debug|x64.Build.0 = Debug|Any CPU
		{FBBE3092-8380-48D9-99F5-88EF8D9A03BC}.Debug|x86.ActiveCfg = Debug|Any CPU
		{FBBE3092-8380-48D9-99F5-88EF8D9A03BC}.Debug|x86.Build.0 = Debug|Any CPU
		{FBBE3092-8380-48D9-99F5-88EF8D9A03BC}.Release|Any CPU.ActiveCfg = Release|Any CPU
		{FBBE3092-8380-48D9-99F5-88EF8D9A03BC}.Release|Any CPU.Build.0 = Release|Any CPU
		{FBBE3092-8380-48D9-99F5-88EF8D9A03BC}.Release|x64.ActiveCfg = Release|Any CPU
		{FBBE3092-8380-48D9-99F5-88EF8D9A03BC}.Release|x64.Build.0 = Release|Any CPU
		{FBBE3092-8380-48D9-99F5-88EF8D9A03BC}.Release|x86.ActiveCfg = Release|Any CPU
		{FBBE3092-8380-48D9-99F5-88EF8D9A03BC}.Release|x86.Build.0 = Release|Any CPU
		{B6859508-DCF1-4427-9353-EAD492B9C1B2}.Debug|Any CPU.ActiveCfg = Debug|Any CPU
		{B6859508-DCF1-4427-9353-EAD492B9C1B2}.Debug|Any CPU.Build.0 = Debug|Any CPU
		{B6859508-DCF1-4427-9353-EAD492B9C1B2}.Debug|x64.ActiveCfg = Debug|Any CPU
		{B6859508-DCF1-4427-9353-EAD492B9C1B2}.Debug|x64.Build.0 = Debug|Any CPU
		{B6859508-DCF1-4427-9353-EAD492B9C1B2}.Debug|x86.ActiveCfg = Debug|Any CPU
		{B6859508-DCF1-4427-9353-EAD492B9C1B2}.Debug|x86.Build.0 = Debug|Any CPU
		{B6859508-DCF1-4427-9353-EAD492B9C1B2}.Release|Any CPU.ActiveCfg = Release|Any CPU
		{B6859508-DCF1-4427-9353-EAD492B9C1B2}.Release|Any CPU.Build.0 = Release|Any CPU
		{B6859508-DCF1-4427-9353-EAD492B9C1B2}.Release|x64.ActiveCfg = Release|Any CPU
		{B6859508-DCF1-4427-9353-EAD492B9C1B2}.Release|x64.Build.0 = Release|Any CPU
		{B6859508-DCF1-4427-9353-EAD492B9C1B2}.Release|x86.ActiveCfg = Release|Any CPU
		{B6859508-DCF1-4427-9353-EAD492B9C1B2}.Release|x86.Build.0 = Release|Any CPU
		{D29402A4-0F6F-4F36-8AC7-4C7EFF19B9E7}.Debug|Any CPU.ActiveCfg = Debug|Any CPU
		{D29402A4-0F6F-4F36-8AC7-4C7EFF19B9E7}.Debug|Any CPU.Build.0 = Debug|Any CPU
		{D29402A4-0F6F-4F36-8AC7-4C7EFF19B9E7}.Debug|x64.ActiveCfg = Debug|Any CPU
		{D29402A4-0F6F-4F36-8AC7-4C7EFF19B9E7}.Debug|x64.Build.0 = Debug|Any CPU
		{D29402A4-0F6F-4F36-8AC7-4C7EFF19B9E7}.Debug|x86.ActiveCfg = Debug|Any CPU
		{D29402A4-0F6F-4F36-8AC7-4C7EFF19B9E7}.Debug|x86.Build.0 = Debug|Any CPU
		{D29402A4-0F6F-4F36-8AC7-4C7EFF19B9E7}.Release|Any CPU.ActiveCfg = Release|Any CPU
		{D29402A4-0F6F-4F36-8AC7-4C7EFF19B9E7}.Release|Any CPU.Build.0 = Release|Any CPU
		{D29402A4-0F6F-4F36-8AC7-4C7EFF19B9E7}.Release|x64.ActiveCfg = Release|Any CPU
		{D29402A4-0F6F-4F36-8AC7-4C7EFF19B9E7}.Release|x64.Build.0 = Release|Any CPU
		{D29402A4-0F6F-4F36-8AC7-4C7EFF19B9E7}.Release|x86.ActiveCfg = Release|Any CPU
		{D29402A4-0F6F-4F36-8AC7-4C7EFF19B9E7}.Release|x86.Build.0 = Release|Any CPU
		{E14B6D62-8BD8-417D-A184-151F40173E05}.Debug|Any CPU.ActiveCfg = Debug|Any CPU
		{E14B6D62-8BD8-417D-A184-151F40173E05}.Debug|Any CPU.Build.0 = Debug|Any CPU
		{E14B6D62-8BD8-417D-A184-151F40173E05}.Debug|x64.ActiveCfg = Debug|Any CPU
		{E14B6D62-8BD8-417D-A184-151F40173E05}.Debug|x64.Build.0 = Debug|Any CPU
		{E14B6D62-8BD8-417D-A184-151F40173E05}.Debug|x86.ActiveCfg = Debug|Any CPU
		{E14B6D62-8BD8-417D-A184-151F40173E05}.Debug|x86.Build.0 = Debug|Any CPU
		{E14B6D62-8BD8-417D-A184-151F40173E05}.Release|Any CPU.ActiveCfg = Release|Any CPU
		{E14B6D62-8BD8-417D-A184-151F40173E05}.Release|Any CPU.Build.0 = Release|Any CPU
		{E14B6D62-8BD8-417D-A184-151F40173E05}.Release|x64.ActiveCfg = Release|Any CPU
		{E14B6D62-8BD8-417D-A184-151F40173E05}.Release|x64.Build.0 = Release|Any CPU
		{E14B6D62-8BD8-417D-A184-151F40173E05}.Release|x86.ActiveCfg = Release|Any CPU
		{E14B6D62-8BD8-417D-A184-151F40173E05}.Release|x86.Build.0 = Release|Any CPU
		{D994D78B-20EF-4A5D-8204-7F6695D201C0}.Debug|Any CPU.ActiveCfg = Debug|Any CPU
		{D994D78B-20EF-4A5D-8204-7F6695D201C0}.Debug|Any CPU.Build.0 = Debug|Any CPU
		{D994D78B-20EF-4A5D-8204-7F6695D201C0}.Debug|x64.ActiveCfg = Debug|Any CPU
		{D994D78B-20EF-4A5D-8204-7F6695D201C0}.Debug|x64.Build.0 = Debug|Any CPU
		{D994D78B-20EF-4A5D-8204-7F6695D201C0}.Debug|x86.ActiveCfg = Debug|Any CPU
		{D994D78B-20EF-4A5D-8204-7F6695D201C0}.Debug|x86.Build.0 = Debug|Any CPU
		{D994D78B-20EF-4A5D-8204-7F6695D201C0}.Release|Any CPU.ActiveCfg = Release|Any CPU
		{D994D78B-20EF-4A5D-8204-7F6695D201C0}.Release|Any CPU.Build.0 = Release|Any CPU
		{D994D78B-20EF-4A5D-8204-7F6695D201C0}.Release|x64.ActiveCfg = Release|Any CPU
		{D994D78B-20EF-4A5D-8204-7F6695D201C0}.Release|x64.Build.0 = Release|Any CPU
		{D994D78B-20EF-4A5D-8204-7F6695D201C0}.Release|x86.ActiveCfg = Release|Any CPU
		{D994D78B-20EF-4A5D-8204-7F6695D201C0}.Release|x86.Build.0 = Release|Any CPU
		{3A8F852E-345B-4237-B9BE-A69C5E080394}.Debug|Any CPU.ActiveCfg = Debug|Any CPU
		{3A8F852E-345B-4237-B9BE-A69C5E080394}.Debug|Any CPU.Build.0 = Debug|Any CPU
		{3A8F852E-345B-4237-B9BE-A69C5E080394}.Debug|x64.ActiveCfg = Debug|Any CPU
		{3A8F852E-345B-4237-B9BE-A69C5E080394}.Debug|x64.Build.0 = Debug|Any CPU
		{3A8F852E-345B-4237-B9BE-A69C5E080394}.Debug|x86.ActiveCfg = Debug|Any CPU
		{3A8F852E-345B-4237-B9BE-A69C5E080394}.Debug|x86.Build.0 = Debug|Any CPU
		{3A8F852E-345B-4237-B9BE-A69C5E080394}.Release|Any CPU.ActiveCfg = Release|Any CPU
		{3A8F852E-345B-4237-B9BE-A69C5E080394}.Release|Any CPU.Build.0 = Release|Any CPU
		{3A8F852E-345B-4237-B9BE-A69C5E080394}.Release|x64.ActiveCfg = Release|Any CPU
		{3A8F852E-345B-4237-B9BE-A69C5E080394}.Release|x64.Build.0 = Release|Any CPU
		{3A8F852E-345B-4237-B9BE-A69C5E080394}.Release|x86.ActiveCfg = Release|Any CPU
		{3A8F852E-345B-4237-B9BE-A69C5E080394}.Release|x86.Build.0 = Release|Any CPU
		{2B12BF9E-8D47-493D-99F3-2EDD835279B9}.Debug|Any CPU.ActiveCfg = Debug|Any CPU
		{2B12BF9E-8D47-493D-99F3-2EDD835279B9}.Debug|Any CPU.Build.0 = Debug|Any CPU
		{2B12BF9E-8D47-493D-99F3-2EDD835279B9}.Debug|x64.ActiveCfg = Debug|Any CPU
		{2B12BF9E-8D47-493D-99F3-2EDD835279B9}.Debug|x64.Build.0 = Debug|Any CPU
		{2B12BF9E-8D47-493D-99F3-2EDD835279B9}.Debug|x86.ActiveCfg = Debug|Any CPU
		{2B12BF9E-8D47-493D-99F3-2EDD835279B9}.Debug|x86.Build.0 = Debug|Any CPU
		{2B12BF9E-8D47-493D-99F3-2EDD835279B9}.Release|Any CPU.ActiveCfg = Release|Any CPU
		{2B12BF9E-8D47-493D-99F3-2EDD835279B9}.Release|Any CPU.Build.0 = Release|Any CPU
		{2B12BF9E-8D47-493D-99F3-2EDD835279B9}.Release|x64.ActiveCfg = Release|Any CPU
		{2B12BF9E-8D47-493D-99F3-2EDD835279B9}.Release|x64.Build.0 = Release|Any CPU
		{2B12BF9E-8D47-493D-99F3-2EDD835279B9}.Release|x86.ActiveCfg = Release|Any CPU
		{2B12BF9E-8D47-493D-99F3-2EDD835279B9}.Release|x86.Build.0 = Release|Any CPU
	EndGlobalSection
	GlobalSection(NestedProjects) = preSolution
		{FBBE3092-8380-48D9-99F5-88EF8D9A03BC} = {343B5FE2-DFF3-4CA7-A482-069B66BEEF34}
		{B6859508-DCF1-4427-9353-EAD492B9C1B2} = {343B5FE2-DFF3-4CA7-A482-069B66BEEF34}
		{D29402A4-0F6F-4F36-8AC7-4C7EFF19B9E7} = {343B5FE2-DFF3-4CA7-A482-069B66BEEF34}
		{E14B6D62-8BD8-417D-A184-151F40173E05} = {343B5FE2-DFF3-4CA7-A482-069B66BEEF34}
		{D994D78B-20EF-4A5D-8204-7F6695D201C0} = {8AE16ABD-1751-4E16-918E-5DE72455E963}
		{3A8F852E-345B-4237-B9BE-A69C5E080394} = {8AE16ABD-1751-4E16-918E-5DE72455E963}
		{2B12BF9E-8D47-493D-99F3-2EDD835279B9} = {8AE16ABD-1751-4E16-918E-5DE72455E963}
	EndGlobalSection
EndGlobal
